
Microsoft Visual Studio Solution File, Format Version 12.00
# Visual Studio 2012
Project("{FAE04EC0-301F-11D3-BF4B-00C04F79EFBC}") = "AutoBook.Proto", "AutoBook.Proto\AutoBook.Proto.csproj", "{A4197C91-407F-44E8-9E8C-F731B24963ED}"
EndProject
Project("{FAE04EC0-301F-11D3-BF4B-00C04F79EFBC}") = "AutoBook.Tests", "AutoBook.Tests\AutoBook.Tests.csproj", "{5ACDEA62-C59B-43F0-AF90-4B2F420633D2}"
EndProject
Project("{FAE04EC0-301F-11D3-BF4B-00C04F79EFBC}") = "AutoBook.Entities", "AutoBook.Entities\AutoBook.Entities.csproj", "{172D69B4-DC5E-4C03-9E41-00D3FDAE5F78}"
EndProject
Project("{FAE04EC0-301F-11D3-BF4B-00C04F79EFBC}") = "AutoBook.Presentation", "AutoBook.Presentation\AutoBook.Presentation.csproj", "{C4F41582-6CA3-48D9-A38B-246A92C4F8DD}"
EndProject
Project("{FAE04EC0-301F-11D3-BF4B-00C04F79EFBC}") = "AutoBook.Mono", "AutoBook.Mono\AutoBook.Mono.csproj", "{10156CB0-EAE2-4D82-B478-24514036945B}"
EndProject
Global
	GlobalSection(SolutionConfigurationPlatforms) = preSolution
		Debug|Any CPU = Debug|Any CPU
		Debug|x86 = Debug|x86
		Release|Any CPU = Release|Any CPU
		Release|x86 = Release|x86
	EndGlobalSection
	GlobalSection(ProjectConfigurationPlatforms) = postSolution
		{10156CB0-EAE2-4D82-B478-24514036945B}.Debug|Any CPU.ActiveCfg = Debug|x86
		{10156CB0-EAE2-4D82-B478-24514036945B}.Debug|Any CPU.Build.0 = Debug|x86
		{10156CB0-EAE2-4D82-B478-24514036945B}.Debug|x86.ActiveCfg = Debug|x86
		{10156CB0-EAE2-4D82-B478-24514036945B}.Debug|x86.Build.0 = Debug|x86
		{10156CB0-EAE2-4D82-B478-24514036945B}.Release|Any CPU.ActiveCfg = Release|x86
		{10156CB0-EAE2-4D82-B478-24514036945B}.Release|Any CPU.Build.0 = Release|x86
		{10156CB0-EAE2-4D82-B478-24514036945B}.Release|x86.ActiveCfg = Release|x86
		{10156CB0-EAE2-4D82-B478-24514036945B}.Release|x86.Build.0 = Release|x86
		{172D69B4-DC5E-4C03-9E41-00D3FDAE5F78}.Debug|Any CPU.ActiveCfg = Debug|Any CPU
		{172D69B4-DC5E-4C03-9E41-00D3FDAE5F78}.Debug|Any CPU.Build.0 = Debug|Any CPU
		{172D69B4-DC5E-4C03-9E41-00D3FDAE5F78}.Debug|x86.ActiveCfg = Debug|Any CPU
		{172D69B4-DC5E-4C03-9E41-00D3FDAE5F78}.Debug|x86.Build.0 = Debug|Any CPU
		{172D69B4-DC5E-4C03-9E41-00D3FDAE5F78}.Release|Any CPU.ActiveCfg = Release|Any CPU
		{172D69B4-DC5E-4C03-9E41-00D3FDAE5F78}.Release|Any CPU.Build.0 = Release|Any CPU
		{172D69B4-DC5E-4C03-9E41-00D3FDAE5F78}.Release|x86.ActiveCfg = Release|Any CPU
		{172D69B4-DC5E-4C03-9E41-00D3FDAE5F78}.Release|x86.Build.0 = Release|Any CPU
		{5ACDEA62-C59B-43F0-AF90-4B2F420633D2}.Debug|Any CPU.ActiveCfg = Debug|Any CPU
		{5ACDEA62-C59B-43F0-AF90-4B2F420633D2}.Debug|Any CPU.Build.0 = Debug|Any CPU
		{5ACDEA62-C59B-43F0-AF90-4B2F420633D2}.Debug|x86.ActiveCfg = Debug|Any CPU
		{5ACDEA62-C59B-43F0-AF90-4B2F420633D2}.Debug|x86.Build.0 = Debug|Any CPU
		{5ACDEA62-C59B-43F0-AF90-4B2F420633D2}.Release|Any CPU.ActiveCfg = Release|Any CPU
		{5ACDEA62-C59B-43F0-AF90-4B2F420633D2}.Release|Any CPU.Build.0 = Release|Any CPU
		{5ACDEA62-C59B-43F0-AF90-4B2F420633D2}.Release|x86.ActiveCfg = Release|Any CPU
		{5ACDEA62-C59B-43F0-AF90-4B2F420633D2}.Release|x86.Build.0 = Release|Any CPU
		{A4197C91-407F-44E8-9E8C-F731B24963ED}.Debug|Any CPU.ActiveCfg = Debug|x86
		{A4197C91-407F-44E8-9E8C-F731B24963ED}.Debug|x86.ActiveCfg = Debug|x86
		{A4197C91-407F-44E8-9E8C-F731B24963ED}.Debug|x86.Build.0 = Debug|x86
		{A4197C91-407F-44E8-9E8C-F731B24963ED}.Release|Any CPU.ActiveCfg = Release|x86
		{A4197C91-407F-44E8-9E8C-F731B24963ED}.Release|x86.ActiveCfg = Release|x86
		{A4197C91-407F-44E8-9E8C-F731B24963ED}.Release|x86.Build.0 = Release|x86
		{C4F41582-6CA3-48D9-A38B-246A92C4F8DD}.Debug|Any CPU.ActiveCfg = Debug|Any CPU
		{C4F41582-6CA3-48D9-A38B-246A92C4F8DD}.Debug|Any CPU.Build.0 = Debug|Any CPU
		{C4F41582-6CA3-48D9-A38B-246A92C4F8DD}.Debug|x86.ActiveCfg = Debug|Any CPU
		{C4F41582-6CA3-48D9-A38B-246A92C4F8DD}.Debug|x86.Build.0 = Debug|Any CPU
		{C4F41582-6CA3-48D9-A38B-246A92C4F8DD}.Release|Any CPU.ActiveCfg = Release|Any CPU
		{C4F41582-6CA3-48D9-A38B-246A92C4F8DD}.Release|Any CPU.Build.0 = Release|Any CPU
		{C4F41582-6CA3-48D9-A38B-246A92C4F8DD}.Release|x86.ActiveCfg = Release|Any CPU
		{C4F41582-6CA3-48D9-A38B-246A92C4F8DD}.Release|x86.Build.0 = Release|Any CPU
	EndGlobalSection
	GlobalSection(MonoDevelopProperties) = preSolution
		StartupItem = AutoBook.Mono\AutoBook.Mono.csproj
	EndGlobalSection
	GlobalSection(SolutionProperties) = preSolution
		HideSolutionNode = FALSE
	EndGlobalSection
EndGlobal
